
Microsoft Visual Studio Solution File, Format Version 12.00
# Visual Studio Version 16
VisualStudioVersion = 16.0.29001.49
MinimumVisualStudioVersion = 10.0.40219.1
Project("{9A19103F-16F7-4668-BE54-9A1E7A4F7556}") = "EFCoreApi", "EFCoreApi\EFCoreApi.csproj", "{0F78AB11-5B65-4F81-9164-6EAAF558A2E3}"
EndProject
Project("{9A19103F-16F7-4668-BE54-9A1E7A4F7556}") = "EFCoreApi.Tests", "EFCoreApi.Tests\EFCoreApi.Tests.csproj", "{B092D906-85E3-4805-929B-032E9856B39F}"
EndProject
Global
	GlobalSection(SolutionConfigurationPlatforms) = preSolution
		Debug|Any CPU = Debug|Any CPU
		Release|Any CPU = Release|Any CPU
	EndGlobalSection
	GlobalSection(ProjectConfigurationPlatforms) = postSolution
		{0F78AB11-5B65-4F81-9164-6EAAF558A2E3}.Debug|Any CPU.ActiveCfg = Debug|Any CPU
		{0F78AB11-5B65-4F81-9164-6EAAF558A2E3}.Debug|Any CPU.Build.0 = Debug|Any CPU
		{0F78AB11-5B65-4F81-9164-6EAAF558A2E3}.Release|Any CPU.ActiveCfg = Release|Any CPU
		{0F78AB11-5B65-4F81-9164-6EAAF558A2E3}.Release|Any CPU.Build.0 = Release|Any CPU
		{B092D906-85E3-4805-929B-032E9856B39F}.Debug|Any CPU.ActiveCfg = Debug|Any CPU
		{B092D906-85E3-4805-929B-032E9856B39F}.Debug|Any CPU.Build.0 = Debug|Any CPU
		{B092D906-85E3-4805-929B-032E9856B39F}.Release|Any CPU.ActiveCfg = Release|Any CPU
		{B092D906-85E3-4805-929B-032E9856B39F}.Release|Any CPU.Build.0 = Release|Any CPU
	EndGlobalSection
	GlobalSection(SolutionProperties) = preSolution
		HideSolutionNode = FALSE
	EndGlobalSection
	GlobalSection(ExtensibilityGlobals) = postSolution
		SolutionGuid = {1C7D8622-51CF-4E5D-9631-CDEBC43EA4E5}
	EndGlobalSection
EndGlobal
